// !$*UTF8*$!
{
	archiveVersion = 1;
	classes = {
	};
	objectVersion = 50;
	objects = {

/* Begin PBXBuildFile section */
		F1E13C7021F8F9BC009FEB26 /* AppDelegate.swift in Sources */ = {isa = PBXBuildFile; fileRef = F1E13C6F21F8F9BC009FEB26 /* AppDelegate.swift */; };
		F1E13C7821F8F9BC009FEB26 /* UIView+.swift in Sources */ = {isa = PBXBuildFile; fileRef = F1E13C7721F8F9BC009FEB26 /* UIView+.swift */; };
		F1E13C8221F8F9BD009FEB26 /* Assets.xcassets in Resources */ = {isa = PBXBuildFile; fileRef = F1E13C8121F8F9BD009FEB26 /* Assets.xcassets */; };
		F1E13C8521F8F9BD009FEB26 /* LaunchScreen.storyboard in Resources */ = {isa = PBXBuildFile; fileRef = F1E13C8321F8F9BD009FEB26 /* LaunchScreen.storyboard */; };
		F1E13C8D21F8F9FB009FEB26 /* ExampleView.swift in Sources */ = {isa = PBXBuildFile; fileRef = F1E13C8C21F8F9FB009FEB26 /* ExampleView.swift */; };
		F1E13C8F21F8FA05009FEB26 /* ExampleViewController.swift in Sources */ = {isa = PBXBuildFile; fileRef = F1E13C8E21F8FA05009FEB26 /* ExampleViewController.swift */; };
		F1E13C9821F8FB7E009FEB26 /* InteractiveLineGraph.framework in Frameworks */ = {isa = PBXBuildFile; fileRef = F1E13C9721F8FB7E009FEB26 /* InteractiveLineGraph.framework */; settings = {ATTRIBUTES = (Weak, ); }; };
		F1E13C9A21F8FFA0009FEB26 /* InteractiveLineGraph.framework in CopyFiles */ = {isa = PBXBuildFile; fileRef = F1E13C9721F8FB7E009FEB26 /* InteractiveLineGraph.framework */; settings = {ATTRIBUTES = (CodeSignOnCopy, RemoveHeadersOnCopy, ); }; };
/* End PBXBuildFile section */

/* Begin PBXCopyFilesBuildPhase section */
		F1E13C9921F8FF7B009FEB26 /* CopyFiles */ = {
			isa = PBXCopyFilesBuildPhase;
			buildActionMask = 2147483647;
			dstPath = "";
			dstSubfolderSpec = 10;
			files = (
				F1E13C9A21F8FFA0009FEB26 /* InteractiveLineGraph.framework in CopyFiles */,
			);
			runOnlyForDeploymentPostprocessing = 0;
		};
/* End PBXCopyFilesBuildPhase section */

/* Begin PBXFileReference section */
		F1E13C6B21F8F9BC009FEB26 /* InteractiveLineGraphExample.app */ = {isa = PBXFileReference; explicitFileType = wrapper.application; includeInIndex = 0; path = InteractiveLineGraphExample.app; sourceTree = BUILT_PRODUCTS_DIR; };
		F1E13C6F21F8F9BC009FEB26 /* AppDelegate.swift */ = {isa = PBXFileReference; lastKnownFileType = sourcecode.swift; path = AppDelegate.swift; sourceTree = "<group>"; };
		F1E13C7721F8F9BC009FEB26 /* UIView+.swift */ = {isa = PBXFileReference; lastKnownFileType = sourcecode.swift; path = "UIView+.swift"; sourceTree = "<group>"; };
		F1E13C8121F8F9BD009FEB26 /* Assets.xcassets */ = {isa = PBXFileReference; lastKnownFileType = folder.assetcatalog; path = Assets.xcassets; sourceTree = "<group>"; };
		F1E13C8421F8F9BD009FEB26 /* Base */ = {isa = PBXFileReference; lastKnownFileType = file.storyboard; name = Base; path = Base.lproj/LaunchScreen.storyboard; sourceTree = "<group>"; };
		F1E13C8621F8F9BD009FEB26 /* Info.plist */ = {isa = PBXFileReference; lastKnownFileType = text.plist.xml; path = Info.plist; sourceTree = "<group>"; };
		F1E13C8C21F8F9FB009FEB26 /* ExampleView.swift */ = {isa = PBXFileReference; lastKnownFileType = sourcecode.swift; path = ExampleView.swift; sourceTree = "<group>"; };
		F1E13C8E21F8FA05009FEB26 /* ExampleViewController.swift */ = {isa = PBXFileReference; lastKnownFileType = sourcecode.swift; path = ExampleViewController.swift; sourceTree = "<group>"; };
		F1E13C9721F8FB7E009FEB26 /* InteractiveLineGraph.framework */ = {isa = PBXFileReference; explicitFileType = wrapper.framework; path = InteractiveLineGraph.framework; sourceTree = BUILT_PRODUCTS_DIR; };
/* End PBXFileReference section */

/* Begin PBXFrameworksBuildPhase section */
		F1E13C6821F8F9BC009FEB26 /* Frameworks */ = {
			isa = PBXFrameworksBuildPhase;
			buildActionMask = 2147483647;
			files = (
				F1E13C9821F8FB7E009FEB26 /* InteractiveLineGraph.framework in Frameworks */,
			);
			runOnlyForDeploymentPostprocessing = 0;
		};
/* End PBXFrameworksBuildPhase section */

/* Begin PBXGroup section */
		F1E13C6221F8F9BC009FEB26 = {
			isa = PBXGroup;
			children = (
				F1E13C6D21F8F9BC009FEB26 /* InteractiveLineGraphExample */,
				F1E13C6C21F8F9BC009FEB26 /* Products */,
				F1E13C9621F8FB7E009FEB26 /* Frameworks */,
			);
			sourceTree = "<group>";
		};
		F1E13C6C21F8F9BC009FEB26 /* Products */ = {
			isa = PBXGroup;
			children = (
				F1E13C6B21F8F9BC009FEB26 /* InteractiveLineGraphExample.app */,
			);
			name = Products;
			sourceTree = "<group>";
		};
		F1E13C6D21F8F9BC009FEB26 /* InteractiveLineGraphExample */ = {
			isa = PBXGroup;
			children = (
				F1E13C8E21F8FA05009FEB26 /* ExampleViewController.swift */,
				F1E13C8C21F8F9FB009FEB26 /* ExampleView.swift */,
				F1E13C6E21F8F9BC009FEB26 /* App Files */,
				F1E13C7621F8F9BC009FEB26 /* Extensions */,
			);
			path = InteractiveLineGraphExample;
			sourceTree = "<group>";
		};
		F1E13C6E21F8F9BC009FEB26 /* App Files */ = {
			isa = PBXGroup;
			children = (
				F1E13C6F21F8F9BC009FEB26 /* AppDelegate.swift */,
				F1E13C8121F8F9BD009FEB26 /* Assets.xcassets */,
				F1E13C8321F8F9BD009FEB26 /* LaunchScreen.storyboard */,
				F1E13C8621F8F9BD009FEB26 /* Info.plist */,
			);
			name = "App Files";
			sourceTree = "<group>";
		};
		F1E13C7621F8F9BC009FEB26 /* Extensions */ = {
			isa = PBXGroup;
			children = (
				F1E13C7721F8F9BC009FEB26 /* UIView+.swift */,
			);
			name = Extensions;
			sourceTree = "<group>";
		};
		F1E13C9621F8FB7E009FEB26 /* Frameworks */ = {
			isa = PBXGroup;
			children = (
				F1E13C9721F8FB7E009FEB26 /* InteractiveLineGraph.framework */,
			);
			name = Frameworks;
			sourceTree = "<group>";
		};
/* End PBXGroup section */

/* Begin PBXNativeTarget section */
		F1E13C6A21F8F9BC009FEB26 /* InteractiveLineGraphExample */ = {
			isa = PBXNativeTarget;
			buildConfigurationList = F1E13C8921F8F9BD009FEB26 /* Build configuration list for PBXNativeTarget "InteractiveLineGraphExample" */;
			buildPhases = (
				F1E13C6721F8F9BC009FEB26 /* Sources */,
				F1E13C6821F8F9BC009FEB26 /* Frameworks */,
				F1E13C6921F8F9BC009FEB26 /* Resources */,
				F1E13C9921F8FF7B009FEB26 /* CopyFiles */,
			);
			buildRules = (
			);
			dependencies = (
			);
			name = InteractiveLineGraphExample;
			productName = InteractiveLineGraphExample;
			productReference = F1E13C6B21F8F9BC009FEB26 /* InteractiveLineGraphExample.app */;
			productType = "com.apple.product-type.application";
		};
/* End PBXNativeTarget section */

/* Begin PBXProject section */
		F1E13C6321F8F9BC009FEB26 /* Project object */ = {
			isa = PBXProject;
			attributes = {
				LastSwiftUpdateCheck = 1010;
				LastUpgradeCheck = 1010;
				ORGANIZATIONNAME = nelsonje;
				TargetAttributes = {
					F1E13C6A21F8F9BC009FEB26 = {
						CreatedOnToolsVersion = 10.1;
					};
				};
			};
			buildConfigurationList = F1E13C6621F8F9BC009FEB26 /* Build configuration list for PBXProject "InteractiveLineGraphExample" */;
			compatibilityVersion = "Xcode 9.3";
			developmentRegion = en;
			hasScannedForEncodings = 0;
			knownRegions = (
				en,
				Base,
			);
			mainGroup = F1E13C6221F8F9BC009FEB26;
			productRefGroup = F1E13C6C21F8F9BC009FEB26 /* Products */;
			projectDirPath = "";
			projectRoot = "";
			targets = (
				F1E13C6A21F8F9BC009FEB26 /* InteractiveLineGraphExample */,
			);
		};
/* End PBXProject section */

/* Begin PBXResourcesBuildPhase section */
		F1E13C6921F8F9BC009FEB26 /* Resources */ = {
			isa = PBXResourcesBuildPhase;
			buildActionMask = 2147483647;
			files = (
				F1E13C8221F8F9BD009FEB26 /* Assets.xcassets in Resources */,
				F1E13C8521F8F9BD009FEB26 /* LaunchScreen.storyboard in Resources */,
			);
			runOnlyForDeploymentPostprocessing = 0;
		};
/* End PBXResourcesBuildPhase section */

/* Begin PBXSourcesBuildPhase section */
		F1E13C6721F8F9BC009FEB26 /* Sources */ = {
			isa = PBXSourcesBuildPhase;
			buildActionMask = 2147483647;
			files = (
				F1E13C7821F8F9BC009FEB26 /* UIView+.swift in Sources */,
				F1E13C8F21F8FA05009FEB26 /* ExampleViewController.swift in Sources */,
				F1E13C7021F8F9BC009FEB26 /* AppDelegate.swift in Sources */,
				F1E13C8D21F8F9FB009FEB26 /* ExampleView.swift in Sources */,
			);
			runOnlyForDeploymentPostprocessing = 0;
		};
/* End PBXSourcesBuildPhase section */

/* Begin PBXVariantGroup section */
		F1E13C8321F8F9BD009FEB26 /* LaunchScreen.storyboard */ = {
			isa = PBXVariantGroup;
			children = (
				F1E13C8421F8F9BD009FEB26 /* Base */,
			);
			name = LaunchScreen.storyboard;
			sourceTree = "<group>";
		};
/* End PBXVariantGroup section */

/* Begin XCBuildConfiguration section */
		F1E13C8721F8F9BD009FEB26 /* Debug */ = {
			isa = XCBuildConfiguration;
			buildSettings = {
				ALWAYS_SEARCH_USER_PATHS = NO;
				CLANG_ANALYZER_NONNULL = YES;
				CLANG_ANALYZER_NUMBER_OBJECT_CONVERSION = YES_AGGRESSIVE;
				CLANG_CXX_LANGUAGE_STANDARD = "gnu++14";
				CLANG_CXX_LIBRARY = "libc++";
				CLANG_ENABLE_MODULES = YES;
				CLANG_ENABLE_OBJC_ARC = YES;
				CLANG_ENABLE_OBJC_WEAK = YES;
				CLANG_WARN_BLOCK_CAPTURE_AUTORELEASING = YES;
				CLANG_WARN_BOOL_CONVERSION = YES;
				CLANG_WARN_COMMA = YES;
				CLANG_WARN_CONSTANT_CONVERSION = YES;
				CLANG_WARN_DEPRECATED_OBJC_IMPLEMENTATIONS = YES;
				CLANG_WARN_DIRECT_OBJC_ISA_USAGE = YES_ERROR;
				CLANG_WARN_DOCUMENTATION_COMMENTS = YES;
				CLANG_WARN_EMPTY_BODY = YES;
				CLANG_WARN_ENUM_CONVERSION = YES;
				CLANG_WARN_INFINITE_RECURSION = YES;
				CLANG_WARN_INT_CONVERSION = YES;
				CLANG_WARN_NON_LITERAL_NULL_CONVERSION = YES;
				CLANG_WARN_OBJC_IMPLICIT_RETAIN_SELF = YES;
				CLANG_WARN_OBJC_LITERAL_CONVERSION = YES;
				CLANG_WARN_OBJC_ROOT_CLASS = YES_ERROR;
				CLANG_WARN_RANGE_LOOP_ANALYSIS = YES;
				CLANG_WARN_STRICT_PROTOTYPES = YES;
				CLANG_WARN_SUSPICIOUS_MOVE = YES;
				CLANG_WARN_UNGUARDED_AVAILABILITY = YES_AGGRESSIVE;
				CLANG_WARN_UNREACHABLE_CODE = YES;
				CLANG_WARN__DUPLICATE_METHOD_MATCH = YES;
				CODE_SIGN_IDENTITY = "iPhone Developer";
				COPY_PHASE_STRIP = NO;
				DEBUG_INFORMATION_FORMAT = dwarf;
				ENABLE_STRICT_OBJC_MSGSEND = YES;
				ENABLE_TESTABILITY = YES;
				GCC_C_LANGUAGE_STANDARD = gnu11;
				GCC_DYNAMIC_NO_PIC = NO;
				GCC_NO_COMMON_BLOCKS = YES;
				GCC_OPTIMIZATION_LEVEL = 0;
				GCC_PREPROCESSOR_DEFINITIONS = (
					"DEBUG=1",
					"$(inherited)",
				);
				GCC_WARN_64_TO_32_BIT_CONVERSION = YES;
				GCC_WARN_ABOUT_RETURN_TYPE = YES_ERROR;
				GCC_WARN_UNDECLARED_SELECTOR = YES;
				GCC_WARN_UNINITIALIZED_AUTOS = YES_AGGRESSIVE;
				GCC_WARN_UNUSED_FUNCTION = YES;
				GCC_WARN_UNUSED_VARIABLE = YES;
				IPHONEOS_DEPLOYMENT_TARGET = 12.1;
				MTL_ENABLE_DEBUG_INFO = INCLUDE_SOURCE;
				MTL_FAST_MATH = YES;
				ONLY_ACTIVE_ARCH = YES;
				SDKROOT = iphoneos;
				SWIFT_ACTIVE_COMPILATION_CONDITIONS = DEBUG;
				SWIFT_OPTIMIZATION_LEVEL = "-Onone";
			};
			name = Debug;
		};
		F1E13C8821F8F9BD009FEB26 /* Release */ = {
			isa = XCBuildConfiguration;
			buildSettings = {
				ALWAYS_SEARCH_USER_PATHS = NO;
				CLANG_ANALYZER_NONNULL = YES;
				CLANG_ANALYZER_NUMBER_OBJECT_CONVERSION = YES_AGGRESSIVE;
				CLANG_CXX_LANGUAGE_STANDARD = "gnu++14";
				CLANG_CXX_LIBRARY = "libc++";
				CLANG_ENABLE_MODULES = YES;
				CLANG_ENABLE_OBJC_ARC = YES;
				CLANG_ENABLE_OBJC_WEAK = YES;
				CLANG_WARN_BLOCK_CAPTURE_AUTORELEASING = YES;
				CLANG_WARN_BOOL_CONVERSION = YES;
				CLANG_WARN_COMMA = YES;
				CLANG_WARN_CONSTANT_CONVERSION = YES;
				CLANG_WARN_DEPRECATED_OBJC_IMPLEMENTATIONS = YES;
				CLANG_WARN_DIRECT_OBJC_ISA_USAGE = YES_ERROR;
				CLANG_WARN_DOCUMENTATION_COMMENTS = YES;
				CLANG_WARN_EMPTY_BODY = YES;
				CLANG_WARN_ENUM_CONVERSION = YES;
				CLANG_WARN_INFINITE_RECURSION = YES;
				CLANG_WARN_INT_CONVERSION = YES;
				CLANG_WARN_NON_LITERAL_NULL_CONVERSION = YES;
				CLANG_WARN_OBJC_IMPLICIT_RETAIN_SELF = YES;
				CLANG_WARN_OBJC_LITERAL_CONVERSION = YES;
				CLANG_WARN_OBJC_ROOT_CLASS = YES_ERROR;
				CLANG_WARN_RANGE_LOOP_ANALYSIS = YES;
				CLANG_WARN_STRICT_PROTOTYPES = YES;
				CLANG_WARN_SUSPICIOUS_MOVE = YES;
				CLANG_WARN_UNGUARDED_AVAILABILITY = YES_AGGRESSIVE;
				CLANG_WARN_UNREACHABLE_CODE = YES;
				CLANG_WARN__DUPLICATE_METHOD_MATCH = YES;
				CODE_SIGN_IDENTITY = "iPhone Developer";
				COPY_PHASE_STRIP = NO;
				DEBUG_INFORMATION_FORMAT = "dwarf-with-dsym";
				ENABLE_NS_ASSERTIONS = NO;
				ENABLE_STRICT_OBJC_MSGSEND = YES;
				GCC_C_LANGUAGE_STANDARD = gnu11;
				GCC_NO_COMMON_BLOCKS = YES;
				GCC_WARN_64_TO_32_BIT_CONVERSION = YES;
				GCC_WARN_ABOUT_RETURN_TYPE = YES_ERROR;
				GCC_WARN_UNDECLARED_SELECTOR = YES;
				GCC_WARN_UNINITIALIZED_AUTOS = YES_AGGRESSIVE;
				GCC_WARN_UNUSED_FUNCTION = YES;
				GCC_WARN_UNUSED_VARIABLE = YES;
				IPHONEOS_DEPLOYMENT_TARGET = 12.1;
				MTL_ENABLE_DEBUG_INFO = NO;
				MTL_FAST_MATH = YES;
				SDKROOT = iphoneos;
				SWIFT_COMPILATION_MODE = wholemodule;
				SWIFT_OPTIMIZATION_LEVEL = "-O";
				VALIDATE_PRODUCT = YES;
			};
			name = Release;
		};
		F1E13C8A21F8F9BD009FEB26 /* Debug */ = {
			isa = XCBuildConfiguration;
			buildSettings = {
				ASSETCATALOG_COMPILER_APPICON_NAME = AppIcon;
				CODE_SIGN_STYLE = Automatic;
				DEVELOPMENT_TEAM = 2RF92UCMKX;
				INFOPLIST_FILE = InteractiveLineGraphExample/Info.plist;
				LD_RUNPATH_SEARCH_PATHS = (
					"$(inherited)",
					"@executable_path/Frameworks",
				);
				PRODUCT_BUNDLE_IDENTIFIER = com.nelsonje.InteractiveLineGraphExample;
				PRODUCT_NAME = "$(TARGET_NAME)";
				SWIFT_VERSION = 4.2;
				TARGETED_DEVICE_FAMILY = "1,2";
			};
			name = Debug;
		};
		F1E13C8B21F8F9BD009FEB26 /* Release */ = {
			isa = XCBuildConfiguration;
			buildSettings = {
				ASSETCATALOG_COMPILER_APPICON_NAME = AppIcon;
				CODE_SIGN_STYLE = Automatic;
				DEVELOPMENT_TEAM = 2RF92UCMKX;
				INFOPLIST_FILE = InteractiveLineGraphExample/Info.plist;
				LD_RUNPATH_SEARCH_PATHS = (
					"$(inherited)",
					"@executable_path/Frameworks",
				);
				PRODUCT_BUNDLE_IDENTIFIER = com.nelsonje.InteractiveLineGraphExample;
				PRODUCT_NAME = "$(TARGET_NAME)";
				SWIFT_VERSION = 4.2;
				TARGETED_DEVICE_FAMILY = "1,2";
			};
			name = Release;
		};
/* End XCBuildConfiguration section */

/* Begin XCConfigurationList section */
		F1E13C6621F8F9BC009FEB26 /* Build configuration list for PBXProject "InteractiveLineGraphExample" */ = {
			isa = XCConfigurationList;
			buildConfigurations = (
				F1E13C8721F8F9BD009FEB26 /* Debug */,
				F1E13C8821F8F9BD009FEB26 /* Release */,
			);
			defaultConfigurationIsVisible = 0;
			defaultConfigurationName = Release;
		};
		F1E13C8921F8F9BD009FEB26 /* Build configuration list for PBXNativeTarget "InteractiveLineGraphExample" */ = {
			isa = XCConfigurationList;
			buildConfigurations = (
				F1E13C8A21F8F9BD009FEB26 /* Debug */,
				F1E13C8B21F8F9BD009FEB26 /* Release */,
			);
			defaultConfigurationIsVisible = 0;
			defaultConfigurationName = Release;
		};
/* End XCConfigurationList section */
	};
	rootObject = F1E13C6321F8F9BC009FEB26 /* Project object */;
}
